
Microsoft Visual Studio Solution File, Format Version 12.00
# Visual Studio Version 17
VisualStudioVersion = 17.0.31903.59
MinimumVisualStudioVersion = 10.0.40219.1
Project("{2150E333-8FDC-42A3-9474-1A3956D46DE8}") = "FrontEnd", "FrontEnd", "{9B4EE073-921A-4DD6-8F94-1B8BB2712E97}"
EndProject
Project("{9A19103F-16F7-4668-BE54-9A1E7A4F7556}") = "auvo.web", "auvo.web\auvo.web.csproj", "{9A84BDC5-56C2-477C-B586-2DFF44A2EE76}"
EndProject
Project("{2150E333-8FDC-42A3-9474-1A3956D46DE8}") = "Application", "Application", "{385AC468-CEA6-4713-8F49-7E16E9B9295C}"
EndProject
Project("{9A19103F-16F7-4668-BE54-9A1E7A4F7556}") = "auvo.app", "auvo.app\auvo.app.csproj", "{F508D9CD-B12B-48E6-8C0A-8B3F474A6B63}"
EndProject
Project("{2150E333-8FDC-42A3-9474-1A3956D46DE8}") = "Model", "Model", "{358D2E82-CF4B-4D9D-BB41-D8C03D062494}"
	ProjectSection(SolutionItems) = preProject
		readme.md = readme.md
	EndProjectSection
EndProject
Project("{FAE04EC0-301F-11D3-BF4B-00C04F79EFBC}") = "auvo.model", "auvo.model\auvo.model.csproj", "{25BD1496-8BAA-43DB-879F-AE22DBCE9A62}"
EndProject
Project("{2150E333-8FDC-42A3-9474-1A3956D46DE8}") = "API", "API", "{ED15CB01-7C99-4559-85F7-8D82DC6DF9BA}"
EndProject
Project("{FAE04EC0-301F-11D3-BF4B-00C04F79EFBC}") = "auvo.api", "auvo.api\auvo.api.csproj", "{18BE88C5-ECDC-4493-A462-54FF5C95FFD2}"
EndProject
Project("{2150E333-8FDC-42A3-9474-1A3956D46DE8}") = "Business", "Business", "{A15A68D7-9720-4B9E-979B-3CB56B0F68FD}"
EndProject
Project("{FAE04EC0-301F-11D3-BF4B-00C04F79EFBC}") = "auvo.biz", "auvo.biz\auvo.biz.csproj", "{3E584433-3B57-43E5-AC44-E27186AC2410}"
EndProject
Project("{2150E333-8FDC-42A3-9474-1A3956D46DE8}") = "Domain", "Domain", "{0A2DC45F-3861-49E8-821E-69A8AEA2347C}"
EndProject
Project("{FAE04EC0-301F-11D3-BF4B-00C04F79EFBC}") = "auvo.domain", "auvo.domain\auvo.domain.csproj", "{13376EBF-EE2D-4A7A-9247-50A71721FD05}"
EndProject
Global
	GlobalSection(SolutionConfigurationPlatforms) = preSolution
		Debug|Any CPU = Debug|Any CPU
		Release|Any CPU = Release|Any CPU
	EndGlobalSection
	GlobalSection(ProjectConfigurationPlatforms) = postSolution
		{9A84BDC5-56C2-477C-B586-2DFF44A2EE76}.Debug|Any CPU.ActiveCfg = Debug|Any CPU
		{9A84BDC5-56C2-477C-B586-2DFF44A2EE76}.Debug|Any CPU.Build.0 = Debug|Any CPU
		{9A84BDC5-56C2-477C-B586-2DFF44A2EE76}.Release|Any CPU.ActiveCfg = Release|Any CPU
		{9A84BDC5-56C2-477C-B586-2DFF44A2EE76}.Release|Any CPU.Build.0 = Release|Any CPU
		{F508D9CD-B12B-48E6-8C0A-8B3F474A6B63}.Debug|Any CPU.ActiveCfg = Debug|Any CPU
		{F508D9CD-B12B-48E6-8C0A-8B3F474A6B63}.Debug|Any CPU.Build.0 = Debug|Any CPU
		{F508D9CD-B12B-48E6-8C0A-8B3F474A6B63}.Release|Any CPU.ActiveCfg = Release|Any CPU
		{F508D9CD-B12B-48E6-8C0A-8B3F474A6B63}.Release|Any CPU.Build.0 = Release|Any CPU
		{25BD1496-8BAA-43DB-879F-AE22DBCE9A62}.Debug|Any CPU.ActiveCfg = Debug|Any CPU
		{25BD1496-8BAA-43DB-879F-AE22DBCE9A62}.Debug|Any CPU.Build.0 = Debug|Any CPU
		{25BD1496-8BAA-43DB-879F-AE22DBCE9A62}.Release|Any CPU.ActiveCfg = Release|Any CPU
		{25BD1496-8BAA-43DB-879F-AE22DBCE9A62}.Release|Any CPU.Build.0 = Release|Any CPU
		{18BE88C5-ECDC-4493-A462-54FF5C95FFD2}.Debug|Any CPU.ActiveCfg = Debug|Any CPU
		{18BE88C5-ECDC-4493-A462-54FF5C95FFD2}.Debug|Any CPU.Build.0 = Debug|Any CPU
		{18BE88C5-ECDC-4493-A462-54FF5C95FFD2}.Release|Any CPU.ActiveCfg = Release|Any CPU
		{18BE88C5-ECDC-4493-A462-54FF5C95FFD2}.Release|Any CPU.Build.0 = Release|Any CPU
		{3E584433-3B57-43E5-AC44-E27186AC2410}.Debug|Any CPU.ActiveCfg = Debug|Any CPU
		{3E584433-3B57-43E5-AC44-E27186AC2410}.Debug|Any CPU.Build.0 = Debug|Any CPU
		{3E584433-3B57-43E5-AC44-E27186AC2410}.Release|Any CPU.ActiveCfg = Release|Any CPU
		{3E584433-3B57-43E5-AC44-E27186AC2410}.Release|Any CPU.Build.0 = Release|Any CPU
		{13376EBF-EE2D-4A7A-9247-50A71721FD05}.Debug|Any CPU.ActiveCfg = Debug|Any CPU
		{13376EBF-EE2D-4A7A-9247-50A71721FD05}.Debug|Any CPU.Build.0 = Debug|Any CPU
		{13376EBF-EE2D-4A7A-9247-50A71721FD05}.Release|Any CPU.ActiveCfg = Release|Any CPU
		{13376EBF-EE2D-4A7A-9247-50A71721FD05}.Release|Any CPU.Build.0 = Release|Any CPU
	EndGlobalSection
	GlobalSection(SolutionProperties) = preSolution
		HideSolutionNode = FALSE
	EndGlobalSection
	GlobalSection(NestedProjects) = preSolution
		{9A84BDC5-56C2-477C-B586-2DFF44A2EE76} = {9B4EE073-921A-4DD6-8F94-1B8BB2712E97}
		{F508D9CD-B12B-48E6-8C0A-8B3F474A6B63} = {385AC468-CEA6-4713-8F49-7E16E9B9295C}
		{25BD1496-8BAA-43DB-879F-AE22DBCE9A62} = {358D2E82-CF4B-4D9D-BB41-D8C03D062494}
		{18BE88C5-ECDC-4493-A462-54FF5C95FFD2} = {ED15CB01-7C99-4559-85F7-8D82DC6DF9BA}
		{3E584433-3B57-43E5-AC44-E27186AC2410} = {A15A68D7-9720-4B9E-979B-3CB56B0F68FD}
		{13376EBF-EE2D-4A7A-9247-50A71721FD05} = {0A2DC45F-3861-49E8-821E-69A8AEA2347C}
	EndGlobalSection
	GlobalSection(ExtensibilityGlobals) = postSolution
		SolutionGuid = {8A217A11-704A-407B-A2E9-12755F417040}
	EndGlobalSection
EndGlobal
